
Microsoft Visual Studio Solution File, Format Version 12.00
# Visual Studio 15
VisualStudioVersion = 15.0.26730.16
MinimumVisualStudioVersion = 10.0.40219.1
Project("{FAE04EC0-301F-11D3-BF4B-00C04F79EFBC}") = "Exercise1", "Exercise1\Exercise1.csproj", "{6FD715C3-F6C4-4505-BFB4-6F10295AF0AD}"
EndProject
Global
	GlobalSection(SolutionConfigurationPlatforms) = preSolution
		Debug|Any CPU = Debug|Any CPU
		Release|Any CPU = Release|Any CPU
	EndGlobalSection
	GlobalSection(ProjectConfigurationPlatforms) = postSolution
		{6FD715C3-F6C4-4505-BFB4-6F10295AF0AD}.Debug|Any CPU.ActiveCfg = Debug|Any CPU
		{6FD715C3-F6C4-4505-BFB4-6F10295AF0AD}.Debug|Any CPU.Build.0 = Debug|Any CPU
		{6FD715C3-F6C4-4505-BFB4-6F10295AF0AD}.Release|Any CPU.ActiveCfg = Release|Any CPU
		{6FD715C3-F6C4-4505-BFB4-6F10295AF0AD}.Release|Any CPU.Build.0 = Release|Any CPU
	EndGlobalSection
	GlobalSection(SolutionProperties) = preSolution
		HideSolutionNode = FALSE
	EndGlobalSection
	GlobalSection(ExtensibilityGlobals) = postSolution
		SolutionGuid = {60F46646-8518-43DA-AE61-A2743F98FA05}
	EndGlobalSection
EndGlobal
